// !$*UTF8*$!
{
	archiveVersion = 1;
	classes = {
	};
	objectVersion = 51;
	objects = {

/* Begin PBXBuildFile section */
		5611C2D3F745F4D3E7DCA675 /* Pods_GoodNews.framework in Frameworks */ = {isa = PBXBuildFile; fileRef = 3D172D790A63F6819536FD71 /* Pods_GoodNews.framework */; };
		67B61C8325334C530006C15B /* AppDelegate.swift in Sources */ = {isa = PBXBuildFile; fileRef = 67B61C8225334C530006C15B /* AppDelegate.swift */; };
		67B61C8525334C530006C15B /* SceneDelegate.swift in Sources */ = {isa = PBXBuildFile; fileRef = 67B61C8425334C530006C15B /* SceneDelegate.swift */; };
		67B61C8A25334C530006C15B /* Main.storyboard in Resources */ = {isa = PBXBuildFile; fileRef = 67B61C8825334C530006C15B /* Main.storyboard */; };
		67B61C8C25334C540006C15B /* Assets.xcassets in Resources */ = {isa = PBXBuildFile; fileRef = 67B61C8B25334C540006C15B /* Assets.xcassets */; };
		67B61C8F25334C540006C15B /* LaunchScreen.storyboard in Resources */ = {isa = PBXBuildFile; fileRef = 67B61C8D25334C540006C15B /* LaunchScreen.storyboard */; };
		67B61C97253351B90006C15B /* NewsTableViewController.swift in Sources */ = {isa = PBXBuildFile; fileRef = 67B61C96253351B90006C15B /* NewsTableViewController.swift */; };
		67B61C9A253360200006C15B /* Article.swift in Sources */ = {isa = PBXBuildFile; fileRef = 67B61C99253360200006C15B /* Article.swift */; };
		67B61C9D253362810006C15B /* ArticleTableViewCell.swift in Sources */ = {isa = PBXBuildFile; fileRef = 67B61C9C253362810006C15B /* ArticleTableViewCell.swift */; };
		67B61CA0253365BC0006C15B /* URLRequest+Extensions.swift in Sources */ = {isa = PBXBuildFile; fileRef = 67B61C9F253365BC0006C15B /* URLRequest+Extensions.swift */; };
/* End PBXBuildFile section */

/* Begin PBXFileReference section */
		3D172D790A63F6819536FD71 /* Pods_GoodNews.framework */ = {isa = PBXFileReference; explicitFileType = wrapper.framework; includeInIndex = 0; path = Pods_GoodNews.framework; sourceTree = BUILT_PRODUCTS_DIR; };
		67B61C7F25334C530006C15B /* GoodNews.app */ = {isa = PBXFileReference; explicitFileType = wrapper.application; includeInIndex = 0; path = GoodNews.app; sourceTree = BUILT_PRODUCTS_DIR; };
		67B61C8225334C530006C15B /* AppDelegate.swift */ = {isa = PBXFileReference; lastKnownFileType = sourcecode.swift; path = AppDelegate.swift; sourceTree = "<group>"; };
		67B61C8425334C530006C15B /* SceneDelegate.swift */ = {isa = PBXFileReference; lastKnownFileType = sourcecode.swift; path = SceneDelegate.swift; sourceTree = "<group>"; };
		67B61C8925334C530006C15B /* Base */ = {isa = PBXFileReference; lastKnownFileType = file.storyboard; name = Base; path = Base.lproj/Main.storyboard; sourceTree = "<group>"; };
		67B61C8B25334C540006C15B /* Assets.xcassets */ = {isa = PBXFileReference; lastKnownFileType = folder.assetcatalog; path = Assets.xcassets; sourceTree = "<group>"; };
		67B61C8E25334C540006C15B /* Base */ = {isa = PBXFileReference; lastKnownFileType = file.storyboard; name = Base; path = Base.lproj/LaunchScreen.storyboard; sourceTree = "<group>"; };
		67B61C9025334C540006C15B /* Info.plist */ = {isa = PBXFileReference; lastKnownFileType = text.plist.xml; path = Info.plist; sourceTree = "<group>"; };
		67B61C96253351B90006C15B /* NewsTableViewController.swift */ = {isa = PBXFileReference; lastKnownFileType = sourcecode.swift; path = NewsTableViewController.swift; sourceTree = "<group>"; };
		67B61C99253360200006C15B /* Article.swift */ = {isa = PBXFileReference; lastKnownFileType = sourcecode.swift; path = Article.swift; sourceTree = "<group>"; };
		67B61C9C253362810006C15B /* ArticleTableViewCell.swift */ = {isa = PBXFileReference; lastKnownFileType = sourcecode.swift; path = ArticleTableViewCell.swift; sourceTree = "<group>"; };
		67B61C9F253365BC0006C15B /* URLRequest+Extensions.swift */ = {isa = PBXFileReference; lastKnownFileType = sourcecode.swift; path = "URLRequest+Extensions.swift"; sourceTree = "<group>"; };
		779D0E0074718F83C9103569 /* Pods-GoodNews.debug.xcconfig */ = {isa = PBXFileReference; includeInIndex = 1; lastKnownFileType = text.xcconfig; name = "Pods-GoodNews.debug.xcconfig"; path = "Target Support Files/Pods-GoodNews/Pods-GoodNews.debug.xcconfig"; sourceTree = "<group>"; };
		B4713B3746030CACB30675E4 /* Pods-GoodNews.release.xcconfig */ = {isa = PBXFileReference; includeInIndex = 1; lastKnownFileType = text.xcconfig; name = "Pods-GoodNews.release.xcconfig"; path = "Target Support Files/Pods-GoodNews/Pods-GoodNews.release.xcconfig"; sourceTree = "<group>"; };
/* End PBXFileReference section */

/* Begin PBXFrameworksBuildPhase section */
		67B61C7C25334C530006C15B /* Frameworks */ = {
			isa = PBXFrameworksBuildPhase;
			buildActionMask = 2147483647;
			files = (
				5611C2D3F745F4D3E7DCA675 /* Pods_GoodNews.framework in Frameworks */,
			);
			runOnlyForDeploymentPostprocessing = 0;
		};
/* End PBXFrameworksBuildPhase section */

/* Begin PBXGroup section */
		67B61C7625334C530006C15B = {
			isa = PBXGroup;
			children = (
				67B61C8125334C530006C15B /* GoodNews */,
				67B61C8025334C530006C15B /* Products */,
				B76745A2AE0D66DDFE7F05D4 /* Pods */,
				A11C0CF040460AE704D91568 /* Frameworks */,
			);
			sourceTree = "<group>";
		};
		67B61C8025334C530006C15B /* Products */ = {
			isa = PBXGroup;
			children = (
				67B61C7F25334C530006C15B /* GoodNews.app */,
			);
			name = Products;
			sourceTree = "<group>";
		};
		67B61C8125334C530006C15B /* GoodNews */ = {
			isa = PBXGroup;
			children = (
				67B61CA1253368E40006C15B /* Application */,
				67B61C9B2533626A0006C15B /* Cells */,
				67B61CA3253368F20006C15B /* Controller */,
				67B61C9E2533659E0006C15B /* Extensions */,
				67B61C98253360170006C15B /* Models */,
				67B61CA4253368FD0006C15B /* Supporting files */,
				67B61CA2253368ED0006C15B /* View */,
			);
			path = GoodNews;
			sourceTree = "<group>";
		};
		67B61C98253360170006C15B /* Models */ = {
			isa = PBXGroup;
			children = (
				67B61C99253360200006C15B /* Article.swift */,
			);
			path = Models;
			sourceTree = "<group>";
		};
		67B61C9B2533626A0006C15B /* Cells */ = {
			isa = PBXGroup;
			children = (
				67B61C9C253362810006C15B /* ArticleTableViewCell.swift */,
			);
			path = Cells;
			sourceTree = "<group>";
		};
		67B61C9E2533659E0006C15B /* Extensions */ = {
			isa = PBXGroup;
			children = (
				67B61C9F253365BC0006C15B /* URLRequest+Extensions.swift */,
			);
			path = Extensions;
			sourceTree = "<group>";
		};
		67B61CA1253368E40006C15B /* Application */ = {
			isa = PBXGroup;
			children = (
				67B61C8225334C530006C15B /* AppDelegate.swift */,
				67B61C8425334C530006C15B /* SceneDelegate.swift */,
			);
			path = Application;
			sourceTree = "<group>";
		};
		67B61CA2253368ED0006C15B /* View */ = {
			isa = PBXGroup;
			children = (
				67B61C8825334C530006C15B /* Main.storyboard */,
			);
			path = View;
			sourceTree = "<group>";
		};
		67B61CA3253368F20006C15B /* Controller */ = {
			isa = PBXGroup;
			children = (
				67B61C96253351B90006C15B /* NewsTableViewController.swift */,
			);
			path = Controller;
			sourceTree = "<group>";
		};
		67B61CA4253368FD0006C15B /* Supporting files */ = {
			isa = PBXGroup;
			children = (
				67B61C8B25334C540006C15B /* Assets.xcassets */,
				67B61C8D25334C540006C15B /* LaunchScreen.storyboard */,
				67B61C9025334C540006C15B /* Info.plist */,
			);
			path = "Supporting files";
			sourceTree = "<group>";
		};
		A11C0CF040460AE704D91568 /* Frameworks */ = {
			isa = PBXGroup;
			children = (
				3D172D790A63F6819536FD71 /* Pods_GoodNews.framework */,
			);
			name = Frameworks;
			sourceTree = "<group>";
		};
		B76745A2AE0D66DDFE7F05D4 /* Pods */ = {
			isa = PBXGroup;
			children = (
				779D0E0074718F83C9103569 /* Pods-GoodNews.debug.xcconfig */,
				B4713B3746030CACB30675E4 /* Pods-GoodNews.release.xcconfig */,
			);
			path = Pods;
			sourceTree = "<group>";
		};
/* End PBXGroup section */

/* Begin PBXNativeTarget section */
		67B61C7E25334C530006C15B /* GoodNews */ = {
			isa = PBXNativeTarget;
			buildConfigurationList = 67B61C9325334C540006C15B /* Build configuration list for PBXNativeTarget "GoodNews" */;
			buildPhases = (
				0CD6D31384B252D4760FC1A2 /* [CP] Check Pods Manifest.lock */,
				67B61C7B25334C530006C15B /* Sources */,
				67B61C7C25334C530006C15B /* Frameworks */,
				67B61C7D25334C530006C15B /* Resources */,
				A2EBF897E7ADF9F31055E99E /* [CP] Embed Pods Frameworks */,
			);
			buildRules = (
			);
			dependencies = (
			);
			name = GoodNews;
			productName = GoodNews;
			productReference = 67B61C7F25334C530006C15B /* GoodNews.app */;
			productType = "com.apple.product-type.application";
		};
/* End PBXNativeTarget section */

/* Begin PBXProject section */
		67B61C7725334C530006C15B /* Project object */ = {
			isa = PBXProject;
			attributes = {
				LastSwiftUpdateCheck = 1140;
				LastUpgradeCheck = 1140;
				ORGANIZATIONNAME = "XFamily, LLC";
				TargetAttributes = {
					67B61C7E25334C530006C15B = {
						CreatedOnToolsVersion = 11.4.1;
					};
				};
			};
			buildConfigurationList = 67B61C7A25334C530006C15B /* Build configuration list for PBXProject "GoodNews" */;
			compatibilityVersion = "Xcode 9.3";
			developmentRegion = en;
			hasScannedForEncodings = 0;
			knownRegions = (
				en,
				Base,
			);
			mainGroup = 67B61C7625334C530006C15B;
			productRefGroup = 67B61C8025334C530006C15B /* Products */;
			projectDirPath = "";
			projectRoot = "";
			targets = (
				67B61C7E25334C530006C15B /* GoodNews */,
			);
		};
/* End PBXProject section */

/* Begin PBXResourcesBuildPhase section */
		67B61C7D25334C530006C15B /* Resources */ = {
			isa = PBXResourcesBuildPhase;
			buildActionMask = 2147483647;
			files = (
				67B61C8F25334C540006C15B /* LaunchScreen.storyboard in Resources */,
				67B61C8C25334C540006C15B /* Assets.xcassets in Resources */,
				67B61C8A25334C530006C15B /* Main.storyboard in Resources */,
			);
			runOnlyForDeploymentPostprocessing = 0;
		};
/* End PBXResourcesBuildPhase section */

/* Begin PBXShellScriptBuildPhase section */
		0CD6D31384B252D4760FC1A2 /* [CP] Check Pods Manifest.lock */ = {
			isa = PBXShellScriptBuildPhase;
			buildActionMask = 2147483647;
			files = (
			);
			inputFileListPaths = (
			);
			inputPaths = (
				"${PODS_PODFILE_DIR_PATH}/Podfile.lock",
				"${PODS_ROOT}/Manifest.lock",
			);
			name = "[CP] Check Pods Manifest.lock";
			outputFileListPaths = (
			);
			outputPaths = (
				"$(DERIVED_FILE_DIR)/Pods-GoodNews-checkManifestLockResult.txt",
			);
			runOnlyForDeploymentPostprocessing = 0;
			shellPath = /bin/sh;
			shellScript = "diff \"${PODS_PODFILE_DIR_PATH}/Podfile.lock\" \"${PODS_ROOT}/Manifest.lock\" > /dev/null\nif [ $? != 0 ] ; then\n    # print error to STDERR\n    echo \"error: The sandbox is not in sync with the Podfile.lock. Run 'pod install' or update your CocoaPods installation.\" >&2\n    exit 1\nfi\n# This output is used by Xcode 'outputs' to avoid re-running this script phase.\necho \"SUCCESS\" > \"${SCRIPT_OUTPUT_FILE_0}\"\n";
			showEnvVarsInLog = 0;
		};
		A2EBF897E7ADF9F31055E99E /* [CP] Embed Pods Frameworks */ = {
			isa = PBXShellScriptBuildPhase;
			buildActionMask = 2147483647;
			files = (
			);
			inputFileListPaths = (
				"${PODS_ROOT}/Target Support Files/Pods-GoodNews/Pods-GoodNews-frameworks-${CONFIGURATION}-input-files.xcfilelist",
			);
			name = "[CP] Embed Pods Frameworks";
			outputFileListPaths = (
				"${PODS_ROOT}/Target Support Files/Pods-GoodNews/Pods-GoodNews-frameworks-${CONFIGURATION}-output-files.xcfilelist",
			);
			runOnlyForDeploymentPostprocessing = 0;
			shellPath = /bin/sh;
			shellScript = "\"${PODS_ROOT}/Target Support Files/Pods-GoodNews/Pods-GoodNews-frameworks.sh\"\n";
			showEnvVarsInLog = 0;
		};
/* End PBXShellScriptBuildPhase section */

/* Begin PBXSourcesBuildPhase section */
		67B61C7B25334C530006C15B /* Sources */ = {
			isa = PBXSourcesBuildPhase;
			buildActionMask = 2147483647;
			files = (
				67B61C9D253362810006C15B /* ArticleTableViewCell.swift in Sources */,
				67B61C9A253360200006C15B /* Article.swift in Sources */,
				67B61C8325334C530006C15B /* AppDelegate.swift in Sources */,
				67B61CA0253365BC0006C15B /* URLRequest+Extensions.swift in Sources */,
				67B61C8525334C530006C15B /* SceneDelegate.swift in Sources */,
				67B61C97253351B90006C15B /* NewsTableViewController.swift in Sources */,
			);
			runOnlyForDeploymentPostprocessing = 0;
		};
/* End PBXSourcesBuildPhase section */

/* Begin PBXVariantGroup section */
		67B61C8825334C530006C15B /* Main.storyboard */ = {
			isa = PBXVariantGroup;
			children = (
				67B61C8925334C530006C15B /* Base */,
			);
			name = Main.storyboard;
			sourceTree = "<group>";
		};
		67B61C8D25334C540006C15B /* LaunchScreen.storyboard */ = {
			isa = PBXVariantGroup;
			children = (
				67B61C8E25334C540006C15B /* Base */,
			);
			name = LaunchScreen.storyboard;
			sourceTree = "<group>";
		};
/* End PBXVariantGroup section */

/* Begin XCBuildConfiguration section */
		67B61C9125334C540006C15B /* Debug */ = {
			isa = XCBuildConfiguration;
			buildSettings = {
				ALWAYS_SEARCH_USER_PATHS = NO;
				CLANG_ANALYZER_NONNULL = YES;
				CLANG_ANALYZER_NUMBER_OBJECT_CONVERSION = YES_AGGRESSIVE;
				CLANG_CXX_LANGUAGE_STANDARD = "gnu++14";
				CLANG_CXX_LIBRARY = "libc++";
				CLANG_ENABLE_MODULES = YES;
				CLANG_ENABLE_OBJC_ARC = YES;
				CLANG_ENABLE_OBJC_WEAK = YES;
				CLANG_WARN_BLOCK_CAPTURE_AUTORELEASING = YES;
				CLANG_WARN_BOOL_CONVERSION = YES;
				CLANG_WARN_COMMA = YES;
				CLANG_WARN_CONSTANT_CONVERSION = YES;
				CLANG_WARN_DEPRECATED_OBJC_IMPLEMENTATIONS = YES;
				CLANG_WARN_DIRECT_OBJC_ISA_USAGE = YES_ERROR;
				CLANG_WARN_DOCUMENTATION_COMMENTS = YES;
				CLANG_WARN_EMPTY_BODY = YES;
				CLANG_WARN_ENUM_CONVERSION = YES;
				CLANG_WARN_INFINITE_RECURSION = YES;
				CLANG_WARN_INT_CONVERSION = YES;
				CLANG_WARN_NON_LITERAL_NULL_CONVERSION = YES;
				CLANG_WARN_OBJC_IMPLICIT_RETAIN_SELF = YES;
				CLANG_WARN_OBJC_LITERAL_CONVERSION = YES;
				CLANG_WARN_OBJC_ROOT_CLASS = YES_ERROR;
				CLANG_WARN_RANGE_LOOP_ANALYSIS = YES;
				CLANG_WARN_STRICT_PROTOTYPES = YES;
				CLANG_WARN_SUSPICIOUS_MOVE = YES;
				CLANG_WARN_UNGUARDED_AVAILABILITY = YES_AGGRESSIVE;
				CLANG_WARN_UNREACHABLE_CODE = YES;
				CLANG_WARN__DUPLICATE_METHOD_MATCH = YES;
				COPY_PHASE_STRIP = NO;
				DEBUG_INFORMATION_FORMAT = dwarf;
				ENABLE_STRICT_OBJC_MSGSEND = YES;
				ENABLE_TESTABILITY = YES;
				GCC_C_LANGUAGE_STANDARD = gnu11;
				GCC_DYNAMIC_NO_PIC = NO;
				GCC_NO_COMMON_BLOCKS = YES;
				GCC_OPTIMIZATION_LEVEL = 0;
				GCC_PREPROCESSOR_DEFINITIONS = (
					"DEBUG=1",
					"$(inherited)",
				);
				GCC_WARN_64_TO_32_BIT_CONVERSION = YES;
				GCC_WARN_ABOUT_RETURN_TYPE = YES_ERROR;
				GCC_WARN_UNDECLARED_SELECTOR = YES;
				GCC_WARN_UNINITIALIZED_AUTOS = YES_AGGRESSIVE;
				GCC_WARN_UNUSED_FUNCTION = YES;
				GCC_WARN_UNUSED_VARIABLE = YES;
				IPHONEOS_DEPLOYMENT_TARGET = 13.4;
				MTL_ENABLE_DEBUG_INFO = INCLUDE_SOURCE;
				MTL_FAST_MATH = YES;
				ONLY_ACTIVE_ARCH = YES;
				SDKROOT = iphoneos;
				SWIFT_ACTIVE_COMPILATION_CONDITIONS = DEBUG;
				SWIFT_OPTIMIZATION_LEVEL = "-Onone";
			};
			name = Debug;
		};
		67B61C9225334C540006C15B /* Release */ = {
			isa = XCBuildConfiguration;
			buildSettings = {
				ALWAYS_SEARCH_USER_PATHS = NO;
				CLANG_ANALYZER_NONNULL = YES;
				CLANG_ANALYZER_NUMBER_OBJECT_CONVERSION = YES_AGGRESSIVE;
				CLANG_CXX_LANGUAGE_STANDARD = "gnu++14";
				CLANG_CXX_LIBRARY = "libc++";
				CLANG_ENABLE_MODULES = YES;
				CLANG_ENABLE_OBJC_ARC = YES;
				CLANG_ENABLE_OBJC_WEAK = YES;
				CLANG_WARN_BLOCK_CAPTURE_AUTORELEASING = YES;
				CLANG_WARN_BOOL_CONVERSION = YES;
				CLANG_WARN_COMMA = YES;
				CLANG_WARN_CONSTANT_CONVERSION = YES;
				CLANG_WARN_DEPRECATED_OBJC_IMPLEMENTATIONS = YES;
				CLANG_WARN_DIRECT_OBJC_ISA_USAGE = YES_ERROR;
				CLANG_WARN_DOCUMENTATION_COMMENTS = YES;
				CLANG_WARN_EMPTY_BODY = YES;
				CLANG_WARN_ENUM_CONVERSION = YES;
				CLANG_WARN_INFINITE_RECURSION = YES;
				CLANG_WARN_INT_CONVERSION = YES;
				CLANG_WARN_NON_LITERAL_NULL_CONVERSION = YES;
				CLANG_WARN_OBJC_IMPLICIT_RETAIN_SELF = YES;
				CLANG_WARN_OBJC_LITERAL_CONVERSION = YES;
				CLANG_WARN_OBJC_ROOT_CLASS = YES_ERROR;
				CLANG_WARN_RANGE_LOOP_ANALYSIS = YES;
				CLANG_WARN_STRICT_PROTOTYPES = YES;
				CLANG_WARN_SUSPICIOUS_MOVE = YES;
				CLANG_WARN_UNGUARDED_AVAILABILITY = YES_AGGRESSIVE;
				CLANG_WARN_UNREACHABLE_CODE = YES;
				CLANG_WARN__DUPLICATE_METHOD_MATCH = YES;
				COPY_PHASE_STRIP = NO;
				DEBUG_INFORMATION_FORMAT = "dwarf-with-dsym";
				ENABLE_NS_ASSERTIONS = NO;
				ENABLE_STRICT_OBJC_MSGSEND = YES;
				GCC_C_LANGUAGE_STANDARD = gnu11;
				GCC_NO_COMMON_BLOCKS = YES;
				GCC_WARN_64_TO_32_BIT_CONVERSION = YES;
				GCC_WARN_ABOUT_RETURN_TYPE = YES_ERROR;
				GCC_WARN_UNDECLARED_SELECTOR = YES;
				GCC_WARN_UNINITIALIZED_AUTOS = YES_AGGRESSIVE;
				GCC_WARN_UNUSED_FUNCTION = YES;
				GCC_WARN_UNUSED_VARIABLE = YES;
				IPHONEOS_DEPLOYMENT_TARGET = 13.4;
				MTL_ENABLE_DEBUG_INFO = NO;
				MTL_FAST_MATH = YES;
				SDKROOT = iphoneos;
				SWIFT_COMPILATION_MODE = wholemodule;
				SWIFT_OPTIMIZATION_LEVEL = "-O";
				VALIDATE_PRODUCT = YES;
			};
			name = Release;
		};
		67B61C9425334C540006C15B /* Debug */ = {
			isa = XCBuildConfiguration;
			baseConfigurationReference = 779D0E0074718F83C9103569 /* Pods-GoodNews.debug.xcconfig */;
			buildSettings = {
				ASSETCATALOG_COMPILER_APPICON_NAME = AppIcon;
				CODE_SIGN_STYLE = Automatic;
				INFOPLIST_FILE = "$(SRCROOT)/GoodNews/Supporting files/Info.plist";
				LD_RUNPATH_SEARCH_PATHS = (
					"$(inherited)",
					"@executable_path/Frameworks",
				);
				PRODUCT_BUNDLE_IDENTIFIER = com.xfamily.GoodNews;
				PRODUCT_NAME = "$(TARGET_NAME)";
				SWIFT_VERSION = 5.0;
				TARGETED_DEVICE_FAMILY = "1,2";
			};
			name = Debug;
		};
		67B61C9525334C540006C15B /* Release */ = {
			isa = XCBuildConfiguration;
			baseConfigurationReference = B4713B3746030CACB30675E4 /* Pods-GoodNews.release.xcconfig */;
			buildSettings = {
				ASSETCATALOG_COMPILER_APPICON_NAME = AppIcon;
				CODE_SIGN_STYLE = Automatic;
				INFOPLIST_FILE = "$(SRCROOT)/GoodNews/Supporting files/Info.plist";
				LD_RUNPATH_SEARCH_PATHS = (
					"$(inherited)",
					"@executable_path/Frameworks",
				);
				PRODUCT_BUNDLE_IDENTIFIER = com.xfamily.GoodNews;
				PRODUCT_NAME = "$(TARGET_NAME)";
				SWIFT_VERSION = 5.0;
				TARGETED_DEVICE_FAMILY = "1,2";
			};
			name = Release;
		};
/* End XCBuildConfiguration section */

/* Begin XCConfigurationList section */
		67B61C7A25334C530006C15B /* Build configuration list for PBXProject "GoodNews" */ = {
			isa = XCConfigurationList;
			buildConfigurations = (
				67B61C9125334C540006C15B /* Debug */,
				67B61C9225334C540006C15B /* Release */,
			);
			defaultConfigurationIsVisible = 0;
			defaultConfigurationName = Release;
		};
		67B61C9325334C540006C15B /* Build configuration list for PBXNativeTarget "GoodNews" */ = {
			isa = XCConfigurationList;
			buildConfigurations = (
				67B61C9425334C540006C15B /* Debug */,
				67B61C9525334C540006C15B /* Release */,
			);
			defaultConfigurationIsVisible = 0;
			defaultConfigurationName = Release;
		};
/* End XCConfigurationList section */
	};
	rootObject = 67B61C7725334C530006C15B /* Project object */;
}
